
Microsoft Visual Studio Solution File, Format Version 12.00
# Visual Studio Version 16
VisualStudioVersion = 16.0.810.25
MinimumVisualStudioVersion = 10.0.40219.1
Project("{FAE04EC0-301F-11D3-BF4B-00C04F79EFBC}") = "PRU15_Backend", "PRU15_Backend.csproj", "{F03E4DA4-DE38-4FD2-BD6E-D8819C45F7FB}"
EndProject
Global
	GlobalSection(SolutionConfigurationPlatforms) = preSolution
		Debug|Any CPU = Debug|Any CPU
		Release|Any CPU = Release|Any CPU
	EndGlobalSection
	GlobalSection(ProjectConfigurationPlatforms) = postSolution
		{F03E4DA4-DE38-4FD2-BD6E-D8819C45F7FB}.Debug|Any CPU.ActiveCfg = Debug|Any CPU
		{F03E4DA4-DE38-4FD2-BD6E-D8819C45F7FB}.Debug|Any CPU.Build.0 = Debug|Any CPU
		{F03E4DA4-DE38-4FD2-BD6E-D8819C45F7FB}.Release|Any CPU.ActiveCfg = Release|Any CPU
		{F03E4DA4-DE38-4FD2-BD6E-D8819C45F7FB}.Release|Any CPU.Build.0 = Release|Any CPU
	EndGlobalSection
	GlobalSection(SolutionProperties) = preSolution
		HideSolutionNode = FALSE
	EndGlobalSection
	GlobalSection(ExtensibilityGlobals) = postSolution
		SolutionGuid = {06C25DD3-4760-4A52-98E9-29699EE19427}
	EndGlobalSection
EndGlobal
